{
  "name": "eshop",
  "version": "1.0.0",
  "lockfileVersion": 1,
  "requires": true,
  "dependencies": {
    "bootstrap": {
      "version": "4.5.3",
      "resolved": "https://registry.npmjs.org/bootstrap/-/bootstrap-4.5.3.tgz",
      "integrity": "sha512-o9ppKQioXGqhw8Z7mah6KdTYpNQY//tipnkxppWhPbiSWdD+1raYsnhwEZjkTHYbGee4cVQ0Rx65EhOY/HNLcQ=="
    },
    "jquery": {
      "version": "3.5.1",
      "resolved": "https://registry.npmjs.org/jquery/-/jquery-3.5.1.tgz",
      "integrity": "sha512-XwIBPqcMn57FxfT+Go5pzySnm4KWkT1Tv7gjrpT1srtf8Weynl6R273VJ5GjkRb51IzMp5nbaPjJXMWeju2MKg=="
    },
    "startbootstrap-shop-homepage": {
      "version": "4.2.3",
      "resolved": "https://registry.npmjs.org/startbootstrap-shop-homepage/-/startbootstrap-shop-homepage-4.2.3.tgz",
      "integrity": "sha512-FXglqb5FM1XJVh0okomMt+oe422Wdtv1339lx6Bqz06grpfskZjS7nTlvq3OgLZUNoD3qj9FFczfwY/B31eV1A==",
      "requires": {
        "bootstrap": "4.5.3",
        "jquery": "3.5.1"
      }
    }
  }
}
